
Microsoft Visual Studio Solution File, Format Version 12.00
# Visual Studio Version 16
VisualStudioVersion = 16.0.30523.141
MinimumVisualStudioVersion = 10.0.40219.1
Project("{FAE04EC0-301F-11D3-BF4B-00C04F79EFBC}") = "Barbu_Madalina_Lab6", "Barbu_Madalina_Lab6.csproj", "{CE1B5297-EBE4-41B3-93D2-2DC9FE44570C}"
EndProject
Global
	GlobalSection(SolutionConfigurationPlatforms) = preSolution
		Debug|Any CPU = Debug|Any CPU
		Release|Any CPU = Release|Any CPU
	EndGlobalSection
	GlobalSection(ProjectConfigurationPlatforms) = postSolution
		{CE1B5297-EBE4-41B3-93D2-2DC9FE44570C}.Debug|Any CPU.ActiveCfg = Debug|Any CPU
		{CE1B5297-EBE4-41B3-93D2-2DC9FE44570C}.Debug|Any CPU.Build.0 = Debug|Any CPU
		{CE1B5297-EBE4-41B3-93D2-2DC9FE44570C}.Release|Any CPU.ActiveCfg = Release|Any CPU
		{CE1B5297-EBE4-41B3-93D2-2DC9FE44570C}.Release|Any CPU.Build.0 = Release|Any CPU
	EndGlobalSection
	GlobalSection(SolutionProperties) = preSolution
		HideSolutionNode = FALSE
	EndGlobalSection
	GlobalSection(ExtensibilityGlobals) = postSolution
		SolutionGuid = {BCF367EF-D518-4F4B-9DD4-1A150635783F}
	EndGlobalSection
EndGlobal
